
Microsoft Visual Studio Solution File, Format Version 12.00
# Visual Studio Version 16
VisualStudioVersion = 16.0.36422.26
MinimumVisualStudioVersion = 10.0.40219.1
Project("{FAE04EC0-301F-11D3-BF4B-00C04F79EFBC}") = "EcoScanAPI", "EcoScanAPI\EcoScanAPI.csproj", "{4296A5D0-DEF2-43F8-9E37-BEC38537EF3E}"
EndProject
Global
	GlobalSection(SolutionConfigurationPlatforms) = preSolution
		Debug|Any CPU = Debug|Any CPU
		Release|Any CPU = Release|Any CPU
	EndGlobalSection
	GlobalSection(ProjectConfigurationPlatforms) = postSolution
		{4296A5D0-DEF2-43F8-9E37-BEC38537EF3E}.Debug|Any CPU.ActiveCfg = Debug|Any CPU
		{4296A5D0-DEF2-43F8-9E37-BEC38537EF3E}.Debug|Any CPU.Build.0 = Debug|Any CPU
		{4296A5D0-DEF2-43F8-9E37-BEC38537EF3E}.Release|Any CPU.ActiveCfg = Release|Any CPU
		{4296A5D0-DEF2-43F8-9E37-BEC38537EF3E}.Release|Any CPU.Build.0 = Release|Any CPU
	EndGlobalSection
	GlobalSection(SolutionProperties) = preSolution
		HideSolutionNode = FALSE
	EndGlobalSection
	GlobalSection(ExtensibilityGlobals) = postSolution
		SolutionGuid = {4657D811-CF37-439D-B037-D1485CFB98B8}
	EndGlobalSection
EndGlobal
